
Microsoft Visual Studio Solution File, Format Version 12.00
# Visual Studio 15
VisualStudioVersion = 15.0.28307.438
MinimumVisualStudioVersion = 10.0.40219.1
Project("{FAE04EC0-301F-11D3-BF4B-00C04F79EFBC}") = "WebLinhkien", "WebLinhkien\WebLinhkien.csproj", "{27FA0508-A380-4AB3-A0C7-6122B3B096EE}"
EndProject
Global
	GlobalSection(SolutionConfigurationPlatforms) = preSolution
		Debug|Any CPU = Debug|Any CPU
		Release|Any CPU = Release|Any CPU
	EndGlobalSection
	GlobalSection(ProjectConfigurationPlatforms) = postSolution
		{27FA0508-A380-4AB3-A0C7-6122B3B096EE}.Debug|Any CPU.ActiveCfg = Debug|Any CPU
		{27FA0508-A380-4AB3-A0C7-6122B3B096EE}.Debug|Any CPU.Build.0 = Debug|Any CPU
		{27FA0508-A380-4AB3-A0C7-6122B3B096EE}.Release|Any CPU.ActiveCfg = Release|Any CPU
		{27FA0508-A380-4AB3-A0C7-6122B3B096EE}.Release|Any CPU.Build.0 = Release|Any CPU
	EndGlobalSection
	GlobalSection(SolutionProperties) = preSolution
		HideSolutionNode = FALSE
	EndGlobalSection
	GlobalSection(ExtensibilityGlobals) = postSolution
		SolutionGuid = {2CEFCBBA-A83D-4D19-9EF6-A4ECAB17FFA4}
	EndGlobalSection
EndGlobal
